
Microsoft Visual Studio Solution File, Format Version 12.00
# Visual Studio Version 17
VisualStudioVersion = 17.2.32505.173
MinimumVisualStudioVersion = 10.0.40219.1
Project("{FAE04EC0-301F-11D3-BF4B-00C04F79EFBC}") = "ConsoleApp4", "ConsoleApp4\ConsoleApp4.csproj", "{218423B6-84FA-4A56-8F5D-161F8C43E621}"
EndProject
Global
	GlobalSection(SolutionConfigurationPlatforms) = preSolution
		Debug|Any CPU = Debug|Any CPU
		Release|Any CPU = Release|Any CPU
	EndGlobalSection
	GlobalSection(ProjectConfigurationPlatforms) = postSolution
		{218423B6-84FA-4A56-8F5D-161F8C43E621}.Debug|Any CPU.ActiveCfg = Debug|Any CPU
		{218423B6-84FA-4A56-8F5D-161F8C43E621}.Debug|Any CPU.Build.0 = Debug|Any CPU
		{218423B6-84FA-4A56-8F5D-161F8C43E621}.Release|Any CPU.ActiveCfg = Release|Any CPU
		{218423B6-84FA-4A56-8F5D-161F8C43E621}.Release|Any CPU.Build.0 = Release|Any CPU
	EndGlobalSection
	GlobalSection(SolutionProperties) = preSolution
		HideSolutionNode = FALSE
	EndGlobalSection
	GlobalSection(ExtensibilityGlobals) = postSolution
		SolutionGuid = {F458C757-D51B-4BBE-9F70-929680865F80}
	EndGlobalSection
EndGlobal
